# This file is autogenerated, do not edit; changes may be undone by the next 'dep ensure'.


[[projects]]
  branch = "master"
  digest = "1:b781c6ce2a81ea819878fe0e907182aa2d3e55629408a9fdbfdff62789f93614"
  name = "github.com/bluele/slack"
  packages = ["."]
  pruneopts = "UT"
  revision = "b4b4d354a079fbf4bd948faad01b32cecb2ffe03"

[[projects]]
  digest = "1:d9cd0e8691d2190539b9c01ede6902be8ad897798efe03cbf6d24639e2860a34"
  name = "github.com/ericchiang/k8s"
  packages = [
    ".",
    "apis/apiextensions/v1beta1",
    "apis/core/v1",
    "apis/meta/v1",
    "apis/resource",
    "runtime",
    "runtime/schema",
    "util/intstr",
    "watch/versioned",
  ]
  pruneopts = "UT"
  revision = "d1bbc0cffaf9849ddcae7b9efffae33e2dd52e9a"
  version = "v1.2.0"

[[projects]]
  digest = "1:573ca21d3669500ff845bdebee890eb7fc7f0f50c59f2132f2a0c6b03d85086a"
  name = "github.com/golang/protobuf"
  packages = ["proto"]
  pruneopts = "UT"
  revision = "6c65a5562fc06764971b7c5d05c76c75e84bdbf7"
  version = "v1.3.2"

[[projects]]
  branch = "master"
  digest = "1:44e4c52b2a37f5d769535a04b92b8e4ea6d2e477bba73673ea2bbfe5dc01ffe5"
  name = "golang.org/x/net"
  packages = [
    "http/httpguts",
    "http2",
    "http2/hpack",
    "idna",
  ]
  pruneopts = "UT"
  revision = "d98b1b4438230571bd7fbc5aaa89843e92937bd3"

[[projects]]
  digest = "1:8d8faad6b12a3a4c819a3f9618cb6ee1fa1cfc33253abeeea8b55336721e3405"
  name = "golang.org/x/text"
  packages = [
    "collate",
    "collate/build",
    "internal/colltab",
    "internal/gen",
    "internal/language",
    "internal/language/compact",
    "internal/tag",
    "internal/triegen",
    "internal/ucd",
    "language",
    "secure/bidirule",
    "transform",
    "unicode/bidi",
    "unicode/cldr",
    "unicode/norm",
    "unicode/rangetable",
  ]
  pruneopts = "UT"
  revision = "342b2e1fbaa52c93f31447ad2c6abc048c63e475"
  version = "v0.3.2"

[solve-meta]
  analyzer-name = "dep"
  analyzer-version = 1
  input-imports = [
    "github.com/bluele/slack",
    "github.com/ericchiang/k8s",
    "github.com/ericchiang/k8s/apis/core/v1",
  ]
  solver-name = "gps-cdcl"
  solver-version = 1
